
Microsoft Visual Studio Solution File, Format Version 12.00
# Visual Studio Version 17
VisualStudioVersion = 17.1.32421.90
MinimumVisualStudioVersion = 10.0.40219.1
Project("{FAE04EC0-301F-11D3-BF4B-00C04F79EFBC}") = "LinqHandsOn", "LinqHandsOn.csproj", "{CC086321-F4CF-48CD-A851-F7605CE4BBEB}"
EndProject
Global
	GlobalSection(SolutionConfigurationPlatforms) = preSolution
		Debug|Any CPU = Debug|Any CPU
		Release|Any CPU = Release|Any CPU
	EndGlobalSection
	GlobalSection(ProjectConfigurationPlatforms) = postSolution
		{CC086321-F4CF-48CD-A851-F7605CE4BBEB}.Debug|Any CPU.ActiveCfg = Debug|Any CPU
		{CC086321-F4CF-48CD-A851-F7605CE4BBEB}.Debug|Any CPU.Build.0 = Debug|Any CPU
		{CC086321-F4CF-48CD-A851-F7605CE4BBEB}.Release|Any CPU.ActiveCfg = Release|Any CPU
		{CC086321-F4CF-48CD-A851-F7605CE4BBEB}.Release|Any CPU.Build.0 = Release|Any CPU
	EndGlobalSection
	GlobalSection(SolutionProperties) = preSolution
		HideSolutionNode = FALSE
	EndGlobalSection
	GlobalSection(ExtensibilityGlobals) = postSolution
		SolutionGuid = {EEBE93E2-865F-4423-B14E-CCCFD2D99A40}
	EndGlobalSection
EndGlobal
